
Microsoft Visual Studio Solution File, Format Version 12.00
# Visual Studio Version 16
VisualStudioVersion = 16.0.31702.278
MinimumVisualStudioVersion = 10.0.40219.1
Project("{FAE04EC0-301F-11D3-BF4B-00C04F79EFBC}") = "ConwaysGame", "ConwaysGame\ConwaysGame.csproj", "{2477A554-3599-4BEF-B6EC-C23D2CE3FC3C}"
EndProject
Project("{FAE04EC0-301F-11D3-BF4B-00C04F79EFBC}") = "ConwaysGameTests", "ConwaysGameTests\ConwaysGameTests.csproj", "{A407A5B7-ACC2-44BA-97AB-443BD5B5CDD3}"
EndProject
Project("{FAE04EC0-301F-11D3-BF4B-00C04F79EFBC}") = "Core", "Core\Core.csproj", "{0D61423C-EAFD-4BEE-A94C-04D3AB2BB1D1}"
EndProject
Global
	GlobalSection(SolutionConfigurationPlatforms) = preSolution
		Debug|Any CPU = Debug|Any CPU
		Release|Any CPU = Release|Any CPU
	EndGlobalSection
	GlobalSection(ProjectConfigurationPlatforms) = postSolution
		{2477A554-3599-4BEF-B6EC-C23D2CE3FC3C}.Debug|Any CPU.ActiveCfg = Debug|Any CPU
		{2477A554-3599-4BEF-B6EC-C23D2CE3FC3C}.Debug|Any CPU.Build.0 = Debug|Any CPU
		{2477A554-3599-4BEF-B6EC-C23D2CE3FC3C}.Release|Any CPU.ActiveCfg = Release|Any CPU
		{2477A554-3599-4BEF-B6EC-C23D2CE3FC3C}.Release|Any CPU.Build.0 = Release|Any CPU
		{A407A5B7-ACC2-44BA-97AB-443BD5B5CDD3}.Debug|Any CPU.ActiveCfg = Debug|Any CPU
		{A407A5B7-ACC2-44BA-97AB-443BD5B5CDD3}.Debug|Any CPU.Build.0 = Debug|Any CPU
		{A407A5B7-ACC2-44BA-97AB-443BD5B5CDD3}.Release|Any CPU.ActiveCfg = Release|Any CPU
		{A407A5B7-ACC2-44BA-97AB-443BD5B5CDD3}.Release|Any CPU.Build.0 = Release|Any CPU
		{0D61423C-EAFD-4BEE-A94C-04D3AB2BB1D1}.Debug|Any CPU.ActiveCfg = Debug|Any CPU
		{0D61423C-EAFD-4BEE-A94C-04D3AB2BB1D1}.Debug|Any CPU.Build.0 = Debug|Any CPU
		{0D61423C-EAFD-4BEE-A94C-04D3AB2BB1D1}.Release|Any CPU.ActiveCfg = Release|Any CPU
		{0D61423C-EAFD-4BEE-A94C-04D3AB2BB1D1}.Release|Any CPU.Build.0 = Release|Any CPU
	EndGlobalSection
	GlobalSection(SolutionProperties) = preSolution
		HideSolutionNode = FALSE
	EndGlobalSection
	GlobalSection(ExtensibilityGlobals) = postSolution
		SolutionGuid = {49C596E8-C459-481B-93C8-B8F4F69383DA}
	EndGlobalSection
EndGlobal
